
Microsoft Visual Studio Solution File, Format Version 12.00
# Visual Studio Version 16
VisualStudioVersion = 16.0.31005.135
MinimumVisualStudioVersion = 10.0.40219.1
Project("{FAE04EC0-301F-11D3-BF4B-00C04F79EFBC}") = "RomanNumerals", "RomanNumerals\RomanNumerals.csproj", "{9B5902D2-32C1-4796-A05D-F27D99FAFEA9}"
EndProject
Project("{FAE04EC0-301F-11D3-BF4B-00C04F79EFBC}") = "TestSpecificNumeral", "TestSpecificNumeral\TestSpecificNumeral.csproj", "{46F26E61-AA49-41F0-866B-FF168B5347A9}"
EndProject
Global
	GlobalSection(SolutionConfigurationPlatforms) = preSolution
		Debug|Any CPU = Debug|Any CPU
		Release|Any CPU = Release|Any CPU
	EndGlobalSection
	GlobalSection(ProjectConfigurationPlatforms) = postSolution
		{9B5902D2-32C1-4796-A05D-F27D99FAFEA9}.Debug|Any CPU.ActiveCfg = Debug|Any CPU
		{9B5902D2-32C1-4796-A05D-F27D99FAFEA9}.Debug|Any CPU.Build.0 = Debug|Any CPU
		{9B5902D2-32C1-4796-A05D-F27D99FAFEA9}.Release|Any CPU.ActiveCfg = Release|Any CPU
		{9B5902D2-32C1-4796-A05D-F27D99FAFEA9}.Release|Any CPU.Build.0 = Release|Any CPU
		{46F26E61-AA49-41F0-866B-FF168B5347A9}.Debug|Any CPU.ActiveCfg = Debug|Any CPU
		{46F26E61-AA49-41F0-866B-FF168B5347A9}.Debug|Any CPU.Build.0 = Debug|Any CPU
		{46F26E61-AA49-41F0-866B-FF168B5347A9}.Release|Any CPU.ActiveCfg = Release|Any CPU
		{46F26E61-AA49-41F0-866B-FF168B5347A9}.Release|Any CPU.Build.0 = Release|Any CPU
	EndGlobalSection
	GlobalSection(SolutionProperties) = preSolution
		HideSolutionNode = FALSE
	EndGlobalSection
	GlobalSection(ExtensibilityGlobals) = postSolution
		SolutionGuid = {87817806-DDD5-4304-AF61-8AA422E2D702}
	EndGlobalSection
EndGlobal
